
Microsoft Visual Studio Solution File, Format Version 12.00
# Visual Studio Version 16
VisualStudioVersion = 16.0.28803.202
MinimumVisualStudioVersion = 10.0.40219.1
Project("{888888A0-9F3D-457C-B088-3A5042F75D52}") = "Wailord", "Wailord.pyproj", "{CCC23326-A0B2-4425-8AFE-8560B49DAC41}"
EndProject
Global
	GlobalSection(SolutionConfigurationPlatforms) = preSolution
		Debug|Any CPU = Debug|Any CPU
		Release|Any CPU = Release|Any CPU
	EndGlobalSection
	GlobalSection(ProjectConfigurationPlatforms) = postSolution
		{CCC23326-A0B2-4425-8AFE-8560B49DAC41}.Debug|Any CPU.ActiveCfg = Debug|Any CPU
		{CCC23326-A0B2-4425-8AFE-8560B49DAC41}.Release|Any CPU.ActiveCfg = Release|Any CPU
	EndGlobalSection
	GlobalSection(SolutionProperties) = preSolution
		HideSolutionNode = FALSE
	EndGlobalSection
	GlobalSection(ExtensibilityGlobals) = postSolution
		SolutionGuid = {64793EEF-194A-4576-B817-31172585BEDB}
	EndGlobalSection
EndGlobal
